
Microsoft Visual Studio Solution File, Format Version 12.00
# Visual Studio Version 17
VisualStudioVersion = 17.6.33712.159
MinimumVisualStudioVersion = 10.0.40219.1
Project("{FAE04EC0-301F-11D3-BF4B-00C04F79EFBC}") = "vtys", "vtys\vtys.csproj", "{CFB134FB-5EBA-4DC8-B70F-072BBC9922DC}"
EndProject
Global
	GlobalSection(SolutionConfigurationPlatforms) = preSolution
		Debug|Any CPU = Debug|Any CPU
		Release|Any CPU = Release|Any CPU
	EndGlobalSection
	GlobalSection(ProjectConfigurationPlatforms) = postSolution
		{CFB134FB-5EBA-4DC8-B70F-072BBC9922DC}.Debug|Any CPU.ActiveCfg = Debug|Any CPU
		{CFB134FB-5EBA-4DC8-B70F-072BBC9922DC}.Debug|Any CPU.Build.0 = Debug|Any CPU
		{CFB134FB-5EBA-4DC8-B70F-072BBC9922DC}.Release|Any CPU.ActiveCfg = Release|Any CPU
		{CFB134FB-5EBA-4DC8-B70F-072BBC9922DC}.Release|Any CPU.Build.0 = Release|Any CPU
	EndGlobalSection
	GlobalSection(SolutionProperties) = preSolution
		HideSolutionNode = FALSE
	EndGlobalSection
	GlobalSection(ExtensibilityGlobals) = postSolution
		SolutionGuid = {961BDF19-5D5B-497B-805C-D0FA6588322A}
	EndGlobalSection
EndGlobal
